
Microsoft Visual Studio Solution File, Format Version 12.00
# Visual Studio 15
VisualStudioVersion = 15.0.28010.2019
MinimumVisualStudioVersion = 10.0.40219.1
Project("{FAE04EC0-301F-11D3-BF4B-00C04F79EFBC}") = "CurrencyConvert", "CurrencyConvert\CurrencyConvert.csproj", "{03347CD8-CFE7-4B5A-BD6A-6DD3D9F56799}"
EndProject
Project("{FAE04EC0-301F-11D3-BF4B-00C04F79EFBC}") = "CurrencyConvertService", "CurrencyConvertService\CurrencyConvertService.csproj", "{B46B5921-381A-4797-9A2E-2D92671934F5}"
EndProject
Global
	GlobalSection(SolutionConfigurationPlatforms) = preSolution
		Debug|Any CPU = Debug|Any CPU
		Release|Any CPU = Release|Any CPU
	EndGlobalSection
	GlobalSection(ProjectConfigurationPlatforms) = postSolution
		{03347CD8-CFE7-4B5A-BD6A-6DD3D9F56799}.Debug|Any CPU.ActiveCfg = Debug|Any CPU
		{03347CD8-CFE7-4B5A-BD6A-6DD3D9F56799}.Debug|Any CPU.Build.0 = Debug|Any CPU
		{03347CD8-CFE7-4B5A-BD6A-6DD3D9F56799}.Release|Any CPU.ActiveCfg = Release|Any CPU
		{03347CD8-CFE7-4B5A-BD6A-6DD3D9F56799}.Release|Any CPU.Build.0 = Release|Any CPU
		{B46B5921-381A-4797-9A2E-2D92671934F5}.Debug|Any CPU.ActiveCfg = Debug|Any CPU
		{B46B5921-381A-4797-9A2E-2D92671934F5}.Debug|Any CPU.Build.0 = Debug|Any CPU
		{B46B5921-381A-4797-9A2E-2D92671934F5}.Release|Any CPU.ActiveCfg = Release|Any CPU
		{B46B5921-381A-4797-9A2E-2D92671934F5}.Release|Any CPU.Build.0 = Release|Any CPU
	EndGlobalSection
	GlobalSection(SolutionProperties) = preSolution
		HideSolutionNode = FALSE
	EndGlobalSection
	GlobalSection(ExtensibilityGlobals) = postSolution
		SolutionGuid = {6D0ACDE6-FED9-47A9-92F6-F431FFAEB859}
	EndGlobalSection
EndGlobal
